
Microsoft Visual Studio Solution File, Format Version 12.00
# Visual Studio Version 16
VisualStudioVersion = 16.0.30011.22
MinimumVisualStudioVersion = 10.0.40219.1
Project("{FAE04EC0-301F-11D3-BF4B-00C04F79EFBC}") = "GbayWebApp", "GbayWebApp\GbayWebApp.csproj", "{EDAA3073-885D-4382-A881-91F13B4A7175}"
EndProject
Global
	GlobalSection(SolutionConfigurationPlatforms) = preSolution
		Debug|Any CPU = Debug|Any CPU
		Release|Any CPU = Release|Any CPU
	EndGlobalSection
	GlobalSection(ProjectConfigurationPlatforms) = postSolution
		{EDAA3073-885D-4382-A881-91F13B4A7175}.Debug|Any CPU.ActiveCfg = Debug|Any CPU
		{EDAA3073-885D-4382-A881-91F13B4A7175}.Debug|Any CPU.Build.0 = Debug|Any CPU
		{EDAA3073-885D-4382-A881-91F13B4A7175}.Release|Any CPU.ActiveCfg = Release|Any CPU
		{EDAA3073-885D-4382-A881-91F13B4A7175}.Release|Any CPU.Build.0 = Release|Any CPU
	EndGlobalSection
	GlobalSection(SolutionProperties) = preSolution
		HideSolutionNode = FALSE
	EndGlobalSection
	GlobalSection(ExtensibilityGlobals) = postSolution
		SolutionGuid = {2CCB7FAC-C2D4-47ED-BB8E-93D842E73945}
	EndGlobalSection
EndGlobal
